Microsoft Visual Studio Solution File, Format Version 12.00
# Visual Studio Version 17
VisualStudioVersion = 17.0.31903.59
MinimumVisualStudioVersion = 10.0.40219.1
Project("{FAE04EC0-301F-11D3-BF4B-00C04F79EFBC}") = "ADSOLUSOL.Application", "src\ADSOLUSOL.Application\ADSOLUSOL.Application.csproj", "{781D342A-B56F-4DCB-8719-CAA0B5AACACA}"
EndProject
Project("{FAE04EC0-301F-11D3-BF4B-00C04F79EFBC}") = "ADSOLUSOL.Domain", "src\ADSOLUSOL.Domain\ADSOLUSOL.Domain.csproj", "{8E41E4FC-DDC8-4C02-BC88-073164389F35}"
EndProject
Project("{FAE04EC0-301F-11D3-BF4B-00C04F79EFBC}") = "ADSOLUSOL.Infrastructure", "src\ADSOLUSOL.Infrastructure\ADSOLUSOL.Infrastructure.csproj", "{C9D2647F-369F-4798-B381-6182CC16FD63}"
EndProject
Project("{FAE04EC0-301F-11D3-BF4B-00C04F79EFBC}") = "ADSOLUSOL.Motor", "src\ADSOLUSOL.Motor\ADSOLUSOL.Motor.csproj", "{9CBD1B91-06E6-4513-B2F2-0411EB653760}"
EndProject
Project("{FAE04EC0-301F-11D3-BF4B-00C04F79EFBC}") = "ADSOLUSOL.Orchestrator", "src\ADSOLUSOL.Orchestrator\ADSOLUSOL.Orchestrator.csproj", "{24F5ED68-E73C-44FC-9BB1-E25A702F60BB}"
EndProject
Project("{FAE04EC0-301F-11D3-BF4B-00C04F79EFBC}") = "ADSOLUSOL.Presentation.Api", "src\ADSOLUSOL.Presentation.Api\ADSOLUSOL.Presentation.Api.csproj", "{EEA861FD-A428-48A2-B879-22550E9987A8}"
EndProject
Project("{FAE04EC0-301F-11D3-BF4B-00C04F79EFBC}") = "ADSOLUSOL.Presentation.Cmd", "src\ADSOLUSOL.Presentation.Cmd\ADSOLUSOL.Presentation.Cmd.csproj", "{FE6B94BC-40D0-4446-91EB-B8418AD63A9F}"
EndProject
Project("{FAE04EC0-301F-11D3-BF4B-00C04F79EFBC}") = "ADSOLUSOL.RegressionTests", "tests\ADSOLUSOL.RegressionTests\ADSOLUSOL.RegressionTests.csproj", "{FA6DD148-9D5D-43E6-955B-61CF4952A509}"
EndProject
Global
	GlobalSection(SolutionConfigurationPlatforms) = preSolution
		Debug|Any CPU = Debug|Any CPU
		Release|Any CPU = Release|Any CPU
	EndGlobalSection
	GlobalSection(ProjectConfigurationPlatforms) = postSolution
		{FA6DD148-9D5D-43E6-955B-61CF4952A509}.Debug|Any CPU.ActiveCfg = Debug|Any CPU
		{FA6DD148-9D5D-43E6-955B-61CF4952A509}.Debug|Any CPU.Build.0 = Debug|Any CPU
		{FA6DD148-9D5D-43E6-955B-61CF4952A509}.Release|Any CPU.ActiveCfg = Release|Any CPU
		{FA6DD148-9D5D-43E6-955B-61CF4952A509}.Release|Any CPU.Build.0 = Release|Any CPU
		{781D342A-B56F-4DCB-8719-CAA0B5AACACA}.Debug|Any CPU.ActiveCfg = Debug|Any CPU
		{781D342A-B56F-4DCB-8719-CAA0B5AACACA}.Debug|Any CPU.Build.0 = Debug|Any CPU
		{781D342A-B56F-4DCB-8719-CAA0B5AACACA}.Release|Any CPU.ActiveCfg = Release|Any CPU
		{781D342A-B56F-4DCB-8719-CAA0B5AACACA}.Release|Any CPU.Build.0 = Release|Any CPU
		{8E41E4FC-DDC8-4C02-BC88-073164389F35}.Debug|Any CPU.ActiveCfg = Debug|Any CPU
		{8E41E4FC-DDC8-4C02-BC88-073164389F35}.Debug|Any CPU.Build.0 = Debug|Any CPU
		{8E41E4FC-DDC8-4C02-BC88-073164389F35}.Release|Any CPU.ActiveCfg = Release|Any CPU
		{8E41E4FC-DDC8-4C02-BC88-073164389F35}.Release|Any CPU.Build.0 = Release|Any CPU
		{C9D2647F-369F-4798-B381-6182CC16FD63}.Debug|Any CPU.ActiveCfg = Debug|Any CPU
		{C9D2647F-369F-4798-B381-6182CC16FD63}.Debug|Any CPU.Build.0 = Debug|Any CPU
		{C9D2647F-369F-4798-B381-6182CC16FD63}.Release|Any CPU.ActiveCfg = Release|Any CPU
		{C9D2647F-369F-4798-B381-6182CC16FD63}.Release|Any CPU.Build.0 = Release|Any CPU
		{9CBD1B91-06E6-4513-B2F2-0411EB653760}.Debug|Any CPU.ActiveCfg = Debug|Any CPU
		{9CBD1B91-06E6-4513-B2F2-0411EB653760}.Debug|Any CPU.Build.0 = Debug|Any CPU
		{9CBD1B91-06E6-4513-B2F2-0411EB653760}.Release|Any CPU.ActiveCfg = Release|Any CPU
		{9CBD1B91-06E6-4513-B2F2-0411EB653760}.Release|Any CPU.Build.0 = Release|Any CPU
		{24F5ED68-E73C-44FC-9BB1-E25A702F60BB}.Debug|Any CPU.ActiveCfg = Debug|Any CPU
		{24F5ED68-E73C-44FC-9BB1-E25A702F60BB}.Debug|Any CPU.Build.0 = Debug|Any CPU
		{24F5ED68-E73C-44FC-9BB1-E25A702F60BB}.Release|Any CPU.ActiveCfg = Release|Any CPU
		{24F5ED68-E73C-44FC-9BB1-E25A702F60BB}.Release|Any CPU.Build.0 = Release|Any CPU
		{EEA861FD-A428-48A2-B879-22550E9987A8}.Debug|Any CPU.ActiveCfg = Debug|Any CPU
		{EEA861FD-A428-48A2-B879-22550E9987A8}.Debug|Any CPU.Build.0 = Debug|Any CPU
		{EEA861FD-A428-48A2-B879-22550E9987A8}.Release|Any CPU.ActiveCfg = Release|Any CPU
		{EEA861FD-A428-48A2-B879-22550E9987A8}.Release|Any CPU.Build.0 = Release|Any CPU
		{FE6B94BC-40D0-4446-91EB-B8418AD63A9F}.Debug|Any CPU.ActiveCfg = Debug|Any CPU
		{FE6B94BC-40D0-4446-91EB-B8418AD63A9F}.Debug|Any CPU.Build.0 = Debug|Any CPU
		{FE6B94BC-40D0-4446-91EB-B8418AD63A9F}.Release|Any CPU.ActiveCfg = Release|Any CPU
		{FE6B94BC-40D0-4446-91EB-B8418AD63A9F}.Release|Any CPU.Build.0 = Release|Any CPU
	EndGlobalSection
EndGlobal

